// !$*UTF8*$!
{
	archiveVersion = 1;
	classes = {
	};
	objectVersion = 55;
	objects = {

/* Begin PBXBuildFile section */
		637C94372B0F74B100416D2B /* WelcomeView.swift in Sources */ = {isa = PBXBuildFile; fileRef = 637C94362B0F74B100416D2B /* WelcomeView.swift */; };
		637C943B2B0F8DAC00416D2B /* CreateAccountView.swift in Sources */ = {isa = PBXBuildFile; fileRef = 637C943A2B0F8DAC00416D2B /* CreateAccountView.swift */; };
		63E25E062B0DFB8500E15F05 /* F1FantasyApp.swift in Sources */ = {isa = PBXBuildFile; fileRef = 63E25E052B0DFB8500E15F05 /* F1FantasyApp.swift */; };
		63E25E082B0DFB8500E15F05 /* ContentView.swift in Sources */ = {isa = PBXBuildFile; fileRef = 63E25E072B0DFB8500E15F05 /* ContentView.swift */; };
		63E25E0A2B0DFB8700E15F05 /* Assets.xcassets in Resources */ = {isa = PBXBuildFile; fileRef = 63E25E092B0DFB8700E15F05 /* Assets.xcassets */; };
		63E25E0D2B0DFB8700E15F05 /* Preview Assets.xcassets in Resources */ = {isa = PBXBuildFile; fileRef = 63E25E0C2B0DFB8700E15F05 /* Preview Assets.xcassets */; };
		63E25E172B0DFB8700E15F05 /* F1FantasyTests.swift in Sources */ = {isa = PBXBuildFile; fileRef = 63E25E162B0DFB8700E15F05 /* F1FantasyTests.swift */; };
		63E25E212B0DFB8700E15F05 /* F1FantasyUITests.swift in Sources */ = {isa = PBXBuildFile; fileRef = 63E25E202B0DFB8700E15F05 /* F1FantasyUITests.swift */; };
		63E25E232B0DFB8700E15F05 /* F1FantasyUITestsLaunchTests.swift in Sources */ = {isa = PBXBuildFile; fileRef = 63E25E222B0DFB8700E15F05 /* F1FantasyUITestsLaunchTests.swift */; };
		63E25E302B0DFD4100E15F05 /* PredictionView.swift in Sources */ = {isa = PBXBuildFile; fileRef = 63E25E2F2B0DFD4100E15F05 /* PredictionView.swift */; };
		63E25E322B0DFD6200E15F05 /* LeaderboardView.swift in Sources */ = {isa = PBXBuildFile; fileRef = 63E25E312B0DFD6200E15F05 /* LeaderboardView.swift */; };
/* End PBXBuildFile section */

/* Begin PBXContainerItemProxy section */
		63E25E132B0DFB8700E15F05 /* PBXContainerItemProxy */ = {
			isa = PBXContainerItemProxy;
			containerPortal = 63E25DFA2B0DFB8500E15F05 /* Project object */;
			proxyType = 1;
			remoteGlobalIDString = 63E25E012B0DFB8500E15F05;
			remoteInfo = F1Fantasy;
		};
		63E25E1D2B0DFB8700E15F05 /* PBXContainerItemProxy */ = {
			isa = PBXContainerItemProxy;
			containerPortal = 63E25DFA2B0DFB8500E15F05 /* Project object */;
			proxyType = 1;
			remoteGlobalIDString = 63E25E012B0DFB8500E15F05;
			remoteInfo = F1Fantasy;
		};
/* End PBXContainerItemProxy section */

/* Begin PBXFileReference section */
		637C94362B0F74B100416D2B /* WelcomeView.swift */ = {isa = PBXFileReference; lastKnownFileType = sourcecode.swift; path = WelcomeView.swift; sourceTree = "<group>"; };
		637C943A2B0F8DAC00416D2B /* CreateAccountView.swift */ = {isa = PBXFileReference; lastKnownFileType = sourcecode.swift; path = CreateAccountView.swift; sourceTree = "<group>"; };
		63E25E022B0DFB8500E15F05 /* F1Fantasy.app */ = {isa = PBXFileReference; explicitFileType = wrapper.application; includeInIndex = 0; path = F1Fantasy.app; sourceTree = BUILT_PRODUCTS_DIR; };
		63E25E052B0DFB8500E15F05 /* F1FantasyApp.swift */ = {isa = PBXFileReference; lastKnownFileType = sourcecode.swift; path = F1FantasyApp.swift; sourceTree = "<group>"; };
		63E25E072B0DFB8500E15F05 /* ContentView.swift */ = {isa = PBXFileReference; lastKnownFileType = sourcecode.swift; path = ContentView.swift; sourceTree = "<group>"; };
		63E25E092B0DFB8700E15F05 /* Assets.xcassets */ = {isa = PBXFileReference; lastKnownFileType = folder.assetcatalog; path = Assets.xcassets; sourceTree = "<group>"; };
		63E25E0C2B0DFB8700E15F05 /* Preview Assets.xcassets */ = {isa = PBXFileReference; lastKnownFileType = folder.assetcatalog; path = "Preview Assets.xcassets"; sourceTree = "<group>"; };
		63E25E122B0DFB8700E15F05 /* F1FantasyTests.xctest */ = {isa = PBXFileReference; explicitFileType = wrapper.cfbundle; includeInIndex = 0; path = F1FantasyTests.xctest; sourceTree = BUILT_PRODUCTS_DIR; };
		63E25E162B0DFB8700E15F05 /* F1FantasyTests.swift */ = {isa = PBXFileReference; lastKnownFileType = sourcecode.swift; path = F1FantasyTests.swift; sourceTree = "<group>"; };
		63E25E1C2B0DFB8700E15F05 /* F1FantasyUITests.xctest */ = {isa = PBXFileReference; explicitFileType = wrapper.cfbundle; includeInIndex = 0; path = F1FantasyUITests.xctest; sourceTree = BUILT_PRODUCTS_DIR; };
		63E25E202B0DFB8700E15F05 /* F1FantasyUITests.swift */ = {isa = PBXFileReference; lastKnownFileType = sourcecode.swift; path = F1FantasyUITests.swift; sourceTree = "<group>"; };
		63E25E222B0DFB8700E15F05 /* F1FantasyUITestsLaunchTests.swift */ = {isa = PBXFileReference; lastKnownFileType = sourcecode.swift; path = F1FantasyUITestsLaunchTests.swift; sourceTree = "<group>"; };
		63E25E2F2B0DFD4100E15F05 /* PredictionView.swift */ = {isa = PBXFileReference; lastKnownFileType = sourcecode.swift; path = PredictionView.swift; sourceTree = "<group>"; };
		63E25E312B0DFD6200E15F05 /* LeaderboardView.swift */ = {isa = PBXFileReference; lastKnownFileType = sourcecode.swift; path = LeaderboardView.swift; sourceTree = "<group>"; };
/* End PBXFileReference section */

/* Begin PBXFrameworksBuildPhase section */
		63E25DFF2B0DFB8500E15F05 /* Frameworks */ = {
			isa = PBXFrameworksBuildPhase;
			buildActionMask = 2147483647;
			files = (
			);
			runOnlyForDeploymentPostprocessing = 0;
		};
		63E25E0F2B0DFB8700E15F05 /* Frameworks */ = {
			isa = PBXFrameworksBuildPhase;
			buildActionMask = 2147483647;
			files = (
			);
			runOnlyForDeploymentPostprocessing = 0;
		};
		63E25E192B0DFB8700E15F05 /* Frameworks */ = {
			isa = PBXFrameworksBuildPhase;
			buildActionMask = 2147483647;
			files = (
			);
			runOnlyForDeploymentPostprocessing = 0;
		};
/* End PBXFrameworksBuildPhase section */

/* Begin PBXGroup section */
		63E25DF92B0DFB8500E15F05 = {
			isa = PBXGroup;
			children = (
				63E25E042B0DFB8500E15F05 /* F1Fantasy */,
				63E25E152B0DFB8700E15F05 /* F1FantasyTests */,
				63E25E1F2B0DFB8700E15F05 /* F1FantasyUITests */,
				63E25E032B0DFB8500E15F05 /* Products */,
			);
			sourceTree = "<group>";
		};
		63E25E032B0DFB8500E15F05 /* Products */ = {
			isa = PBXGroup;
			children = (
				63E25E022B0DFB8500E15F05 /* F1Fantasy.app */,
				63E25E122B0DFB8700E15F05 /* F1FantasyTests.xctest */,
				63E25E1C2B0DFB8700E15F05 /* F1FantasyUITests.xctest */,
			);
			name = Products;
			sourceTree = "<group>";
		};
		63E25E042B0DFB8500E15F05 /* F1Fantasy */ = {
			isa = PBXGroup;
			children = (
				637C94362B0F74B100416D2B /* WelcomeView.swift */,
				63E25E052B0DFB8500E15F05 /* F1FantasyApp.swift */,
				63E25E072B0DFB8500E15F05 /* ContentView.swift */,
				63E25E092B0DFB8700E15F05 /* Assets.xcassets */,
				63E25E2F2B0DFD4100E15F05 /* PredictionView.swift */,
				63E25E312B0DFD6200E15F05 /* LeaderboardView.swift */,
				63E25E0B2B0DFB8700E15F05 /* Preview Content */,
				637C943A2B0F8DAC00416D2B /* CreateAccountView.swift */,
			);
			path = F1Fantasy;
			sourceTree = "<group>";
		};
		63E25E0B2B0DFB8700E15F05 /* Preview Content */ = {
			isa = PBXGroup;
			children = (
				63E25E0C2B0DFB8700E15F05 /* Preview Assets.xcassets */,
			);
			path = "Preview Content";
			sourceTree = "<group>";
		};
		63E25E152B0DFB8700E15F05 /* F1FantasyTests */ = {
			isa = PBXGroup;
			children = (
				63E25E162B0DFB8700E15F05 /* F1FantasyTests.swift */,
			);
			path = F1FantasyTests;
			sourceTree = "<group>";
		};
		63E25E1F2B0DFB8700E15F05 /* F1FantasyUITests */ = {
			isa = PBXGroup;
			children = (
				63E25E202B0DFB8700E15F05 /* F1FantasyUITests.swift */,
				63E25E222B0DFB8700E15F05 /* F1FantasyUITestsLaunchTests.swift */,
			);
			path = F1FantasyUITests;
			sourceTree = "<group>";
		};
/* End PBXGroup section */

/* Begin PBXNativeTarget section */
		63E25E012B0DFB8500E15F05 /* F1Fantasy */ = {
			isa = PBXNativeTarget;
			buildConfigurationList = 63E25E262B0DFB8700E15F05 /* Build configuration list for PBXNativeTarget "F1Fantasy" */;
			buildPhases = (
				63E25DFE2B0DFB8500E15F05 /* Sources */,
				63E25DFF2B0DFB8500E15F05 /* Frameworks */,
				63E25E002B0DFB8500E15F05 /* Resources */,
			);
			buildRules = (
			);
			dependencies = (
			);
			name = F1Fantasy;
			productName = F1Fantasy;
			productReference = 63E25E022B0DFB8500E15F05 /* F1Fantasy.app */;
			productType = "com.apple.product-type.application";
		};
		63E25E112B0DFB8700E15F05 /* F1FantasyTests */ = {
			isa = PBXNativeTarget;
			buildConfigurationList = 63E25E292B0DFB8700E15F05 /* Build configuration list for PBXNativeTarget "F1FantasyTests" */;
			buildPhases = (
				63E25E0E2B0DFB8700E15F05 /* Sources */,
				63E25E0F2B0DFB8700E15F05 /* Frameworks */,
				63E25E102B0DFB8700E15F05 /* Resources */,
			);
			buildRules = (
			);
			dependencies = (
				63E25E142B0DFB8700E15F05 /* PBXTargetDependency */,
			);
			name = F1FantasyTests;
			productName = F1FantasyTests;
			productReference = 63E25E122B0DFB8700E15F05 /* F1FantasyTests.xctest */;
			productType = "com.apple.product-type.bundle.unit-test";
		};
		63E25E1B2B0DFB8700E15F05 /* F1FantasyUITests */ = {
			isa = PBXNativeTarget;
			buildConfigurationList = 63E25E2C2B0DFB8700E15F05 /* Build configuration list for PBXNativeTarget "F1FantasyUITests" */;
			buildPhases = (
				63E25E182B0DFB8700E15F05 /* Sources */,
				63E25E192B0DFB8700E15F05 /* Frameworks */,
				63E25E1A2B0DFB8700E15F05 /* Resources */,
			);
			buildRules = (
			);
			dependencies = (
				63E25E1E2B0DFB8700E15F05 /* PBXTargetDependency */,
			);
			name = F1FantasyUITests;
			productName = F1FantasyUITests;
			productReference = 63E25E1C2B0DFB8700E15F05 /* F1FantasyUITests.xctest */;
			productType = "com.apple.product-type.bundle.ui-testing";
		};
/* End PBXNativeTarget section */

/* Begin PBXProject section */
		63E25DFA2B0DFB8500E15F05 /* Project object */ = {
			isa = PBXProject;
			attributes = {
				BuildIndependentTargetsInParallel = 1;
				LastSwiftUpdateCheck = 1320;
				LastUpgradeCheck = 1320;
				TargetAttributes = {
					63E25E012B0DFB8500E15F05 = {
						CreatedOnToolsVersion = 13.2.1;
					};
					63E25E112B0DFB8700E15F05 = {
						CreatedOnToolsVersion = 13.2.1;
						TestTargetID = 63E25E012B0DFB8500E15F05;
					};
					63E25E1B2B0DFB8700E15F05 = {
						CreatedOnToolsVersion = 13.2.1;
						TestTargetID = 63E25E012B0DFB8500E15F05;
					};
				};
			};
			buildConfigurationList = 63E25DFD2B0DFB8500E15F05 /* Build configuration list for PBXProject "F1Fantasy" */;
			compatibilityVersion = "Xcode 13.0";
			developmentRegion = en;
			hasScannedForEncodings = 0;
			knownRegions = (
				en,
				Base,
			);
			mainGroup = 63E25DF92B0DFB8500E15F05;
			productRefGroup = 63E25E032B0DFB8500E15F05 /* Products */;
			projectDirPath = "";
			projectRoot = "";
			targets = (
				63E25E012B0DFB8500E15F05 /* F1Fantasy */,
				63E25E112B0DFB8700E15F05 /* F1FantasyTests */,
				63E25E1B2B0DFB8700E15F05 /* F1FantasyUITests */,
			);
		};
/* End PBXProject section */

/* Begin PBXResourcesBuildPhase section */
		63E25E002B0DFB8500E15F05 /* Resources */ = {
			isa = PBXResourcesBuildPhase;
			buildActionMask = 2147483647;
			files = (
				63E25E0D2B0DFB8700E15F05 /* Preview Assets.xcassets in Resources */,
				63E25E0A2B0DFB8700E15F05 /* Assets.xcassets in Resources */,
			);
			runOnlyForDeploymentPostprocessing = 0;
		};
		63E25E102B0DFB8700E15F05 /* Resources */ = {
			isa = PBXResourcesBuildPhase;
			buildActionMask = 2147483647;
			files = (
			);
			runOnlyForDeploymentPostprocessing = 0;
		};
		63E25E1A2B0DFB8700E15F05 /* Resources */ = {
			isa = PBXResourcesBuildPhase;
			buildActionMask = 2147483647;
			files = (
			);
			runOnlyForDeploymentPostprocessing = 0;
		};
/* End PBXResourcesBuildPhase section */

/* Begin PBXSourcesBuildPhase section */
		63E25DFE2B0DFB8500E15F05 /* Sources */ = {
			isa = PBXSourcesBuildPhase;
			buildActionMask = 2147483647;
			files = (
				637C943B2B0F8DAC00416D2B /* CreateAccountView.swift in Sources */,
				637C94372B0F74B100416D2B /* WelcomeView.swift in Sources */,
				63E25E322B0DFD6200E15F05 /* LeaderboardView.swift in Sources */,
				63E25E302B0DFD4100E15F05 /* PredictionView.swift in Sources */,
				63E25E082B0DFB8500E15F05 /* ContentView.swift in Sources */,
				63E25E062B0DFB8500E15F05 /* F1FantasyApp.swift in Sources */,
			);
			runOnlyForDeploymentPostprocessing = 0;
		};
		63E25E0E2B0DFB8700E15F05 /* Sources */ = {
			isa = PBXSourcesBuildPhase;
			buildActionMask = 2147483647;
			files = (
				63E25E172B0DFB8700E15F05 /* F1FantasyTests.swift in Sources */,
			);
			runOnlyForDeploymentPostprocessing = 0;
		};
		63E25E182B0DFB8700E15F05 /* Sources */ = {
			isa = PBXSourcesBuildPhase;
			buildActionMask = 2147483647;
			files = (
				63E25E232B0DFB8700E15F05 /* F1FantasyUITestsLaunchTests.swift in Sources */,
				63E25E212B0DFB8700E15F05 /* F1FantasyUITests.swift in Sources */,
			);
			runOnlyForDeploymentPostprocessing = 0;
		};
/* End PBXSourcesBuildPhase section */

/* Begin PBXTargetDependency section */
		63E25E142B0DFB8700E15F05 /* PBXTargetDependency */ = {
			isa = PBXTargetDependency;
			target = 63E25E012B0DFB8500E15F05 /* F1Fantasy */;
			targetProxy = 63E25E132B0DFB8700E15F05 /* PBXContainerItemProxy */;
		};
		63E25E1E2B0DFB8700E15F05 /* PBXTargetDependency */ = {
			isa = PBXTargetDependency;
			target = 63E25E012B0DFB8500E15F05 /* F1Fantasy */;
			targetProxy = 63E25E1D2B0DFB8700E15F05 /* PBXContainerItemProxy */;
		};
/* End PBXTargetDependency section */

/* Begin XCBuildConfiguration section */
		63E25E242B0DFB8700E15F05 /* Debug */ = {
			isa = XCBuildConfiguration;
			buildSettings = {
				ALWAYS_SEARCH_USER_PATHS = NO;
				CLANG_ANALYZER_NONNULL = YES;
				CLANG_ANALYZER_NUMBER_OBJECT_CONVERSION = YES_AGGRESSIVE;
				CLANG_CXX_LANGUAGE_STANDARD = "gnu++17";
				CLANG_CXX_LIBRARY = "libc++";
				CLANG_ENABLE_MODULES = YES;
				CLANG_ENABLE_OBJC_ARC = YES;
				CLANG_ENABLE_OBJC_WEAK = YES;
				CLANG_WARN_BLOCK_CAPTURE_AUTORELEASING = YES;
				CLANG_WARN_BOOL_CONVERSION = YES;
				CLANG_WARN_COMMA = YES;
				CLANG_WARN_CONSTANT_CONVERSION = YES;
				CLANG_WARN_DEPRECATED_OBJC_IMPLEMENTATIONS = YES;
				CLANG_WARN_DIRECT_OBJC_ISA_USAGE = YES_ERROR;
				CLANG_WARN_DOCUMENTATION_COMMENTS = YES;
				CLANG_WARN_EMPTY_BODY = YES;
				CLANG_WARN_ENUM_CONVERSION = YES;
				CLANG_WARN_INFINITE_RECURSION = YES;
				CLANG_WARN_INT_CONVERSION = YES;
				CLANG_WARN_NON_LITERAL_NULL_CONVERSION = YES;
				CLANG_WARN_OBJC_IMPLICIT_RETAIN_SELF = YES;
				CLANG_WARN_OBJC_LITERAL_CONVERSION = YES;
				CLANG_WARN_OBJC_ROOT_CLASS = YES_ERROR;
				CLANG_WARN_QUOTED_INCLUDE_IN_FRAMEWORK_HEADER = YES;
				CLANG_WARN_RANGE_LOOP_ANALYSIS = YES;
				CLANG_WARN_STRICT_PROTOTYPES = YES;
				CLANG_WARN_SUSPICIOUS_MOVE = YES;
				CLANG_WARN_UNGUARDED_AVAILABILITY = YES_AGGRESSIVE;
				CLANG_WARN_UNREACHABLE_CODE = YES;
				CLANG_WARN__DUPLICATE_METHOD_MATCH = YES;
				COPY_PHASE_STRIP = NO;
				DEBUG_INFORMATION_FORMAT = dwarf;
				ENABLE_STRICT_OBJC_MSGSEND = YES;
				ENABLE_TESTABILITY = YES;
				GCC_C_LANGUAGE_STANDARD = gnu11;
				GCC_DYNAMIC_NO_PIC = NO;
				GCC_NO_COMMON_BLOCKS = YES;
				GCC_OPTIMIZATION_LEVEL = 0;
				GCC_PREPROCESSOR_DEFINITIONS = (
					"DEBUG=1",
					"$(inherited)",
				);
				GCC_WARN_64_TO_32_BIT_CONVERSION = YES;
				GCC_WARN_ABOUT_RETURN_TYPE = YES_ERROR;
				GCC_WARN_UNDECLARED_SELECTOR = YES;
				GCC_WARN_UNINITIALIZED_AUTOS = YES_AGGRESSIVE;
				GCC_WARN_UNUSED_FUNCTION = YES;
				GCC_WARN_UNUSED_VARIABLE = YES;
				IPHONEOS_DEPLOYMENT_TARGET = 15.2;
				MTL_ENABLE_DEBUG_INFO = INCLUDE_SOURCE;
				MTL_FAST_MATH = YES;
				ONLY_ACTIVE_ARCH = YES;
				SDKROOT = iphoneos;
				SWIFT_ACTIVE_COMPILATION_CONDITIONS = DEBUG;
				SWIFT_OPTIMIZATION_LEVEL = "-Onone";
			};
			name = Debug;
		};
		63E25E252B0DFB8700E15F05 /* Release */ = {
			isa = XCBuildConfiguration;
			buildSettings = {
				ALWAYS_SEARCH_USER_PATHS = NO;
				CLANG_ANALYZER_NONNULL = YES;
				CLANG_ANALYZER_NUMBER_OBJECT_CONVERSION = YES_AGGRESSIVE;
				CLANG_CXX_LANGUAGE_STANDARD = "gnu++17";
				CLANG_CXX_LIBRARY = "libc++";
				CLANG_ENABLE_MODULES = YES;
				CLANG_ENABLE_OBJC_ARC = YES;
				CLANG_ENABLE_OBJC_WEAK = YES;
				CLANG_WARN_BLOCK_CAPTURE_AUTORELEASING = YES;
				CLANG_WARN_BOOL_CONVERSION = YES;
				CLANG_WARN_COMMA = YES;
				CLANG_WARN_CONSTANT_CONVERSION = YES;
				CLANG_WARN_DEPRECATED_OBJC_IMPLEMENTATIONS = YES;
				CLANG_WARN_DIRECT_OBJC_ISA_USAGE = YES_ERROR;
				CLANG_WARN_DOCUMENTATION_COMMENTS = YES;
				CLANG_WARN_EMPTY_BODY = YES;
				CLANG_WARN_ENUM_CONVERSION = YES;
				CLANG_WARN_INFINITE_RECURSION = YES;
				CLANG_WARN_INT_CONVERSION = YES;
				CLANG_WARN_NON_LITERAL_NULL_CONVERSION = YES;
				CLANG_WARN_OBJC_IMPLICIT_RETAIN_SELF = YES;
				CLANG_WARN_OBJC_LITERAL_CONVERSION = YES;
				CLANG_WARN_OBJC_ROOT_CLASS = YES_ERROR;
				CLANG_WARN_QUOTED_INCLUDE_IN_FRAMEWORK_HEADER = YES;
				CLANG_WARN_RANGE_LOOP_ANALYSIS = YES;
				CLANG_WARN_STRICT_PROTOTYPES = YES;
				CLANG_WARN_SUSPICIOUS_MOVE = YES;
				CLANG_WARN_UNGUARDED_AVAILABILITY = YES_AGGRESSIVE;
				CLANG_WARN_UNREACHABLE_CODE = YES;
				CLANG_WARN__DUPLICATE_METHOD_MATCH = YES;
				COPY_PHASE_STRIP = NO;
				DEBUG_INFORMATION_FORMAT = "dwarf-with-dsym";
				ENABLE_NS_ASSERTIONS = NO;
				ENABLE_STRICT_OBJC_MSGSEND = YES;
				GCC_C_LANGUAGE_STANDARD = gnu11;
				GCC_NO_COMMON_BLOCKS = YES;
				GCC_WARN_64_TO_32_BIT_CONVERSION = YES;
				GCC_WARN_ABOUT_RETURN_TYPE = YES_ERROR;
				GCC_WARN_UNDECLARED_SELECTOR = YES;
				GCC_WARN_UNINITIALIZED_AUTOS = YES_AGGRESSIVE;
				GCC_WARN_UNUSED_FUNCTION = YES;
				GCC_WARN_UNUSED_VARIABLE = YES;
				IPHONEOS_DEPLOYMENT_TARGET = 15.2;
				MTL_ENABLE_DEBUG_INFO = NO;
				MTL_FAST_MATH = YES;
				SDKROOT = iphoneos;
				SWIFT_COMPILATION_MODE = wholemodule;
				SWIFT_OPTIMIZATION_LEVEL = "-O";
				VALIDATE_PRODUCT = YES;
			};
			name = Release;
		};
		63E25E272B0DFB8700E15F05 /* Debug */ = {
			isa = XCBuildConfiguration;
			buildSettings = {
				ASSETCATALOG_COMPILER_APPICON_NAME = AppIcon;
				ASSETCATALOG_COMPILER_GLOBAL_ACCENT_COLOR_NAME = AccentColor;
				CODE_SIGN_STYLE = Automatic;
				CURRENT_PROJECT_VERSION = 1;
				DEVELOPMENT_ASSET_PATHS = "\"F1Fantasy/Preview Content\"";
				ENABLE_PREVIEWS = YES;
				GENERATE_INFOPLIST_FILE = YES;
				INFOPLIST_KEY_UIApplicationSceneManifest_Generation = YES;
				INFOPLIST_KEY_UIApplicationSupportsIndirectInputEvents = YES;
				INFOPLIST_KEY_UILaunchScreen_Generation = YES;
				INFOPLIST_KEY_UISupportedInterfaceOrientations_iPad = "UIInterfaceOrientationPortrait UIInterfaceOrientationPortraitUpsideDown UIInterfaceOrientationLandscapeLeft UIInterfaceOrientationLandscapeRight";
				INFOPLIST_KEY_UISupportedInterfaceOrientations_iPhone = "UIInterfaceOrientationPortrait UIInterfaceOrientationLandscapeLeft UIInterfaceOrientationLandscapeRight";
				LD_RUNPATH_SEARCH_PATHS = (
					"$(inherited)",
					"@executable_path/Frameworks",
				);
				MARKETING_VERSION = 1.0;
				PRODUCT_BUNDLE_IDENTIFIER = AISolutions.F1Fantasy;
				PRODUCT_NAME = "$(TARGET_NAME)";
				SWIFT_EMIT_LOC_STRINGS = YES;
				SWIFT_VERSION = 5.0;
				TARGETED_DEVICE_FAMILY = "1,2";
			};
			name = Debug;
		};
		63E25E282B0DFB8700E15F05 /* Release */ = {
			isa = XCBuildConfiguration;
			buildSettings = {
				ASSETCATALOG_COMPILER_APPICON_NAME = AppIcon;
				ASSETCATALOG_COMPILER_GLOBAL_ACCENT_COLOR_NAME = AccentColor;
				CODE_SIGN_STYLE = Automatic;
				CURRENT_PROJECT_VERSION = 1;
				DEVELOPMENT_ASSET_PATHS = "\"F1Fantasy/Preview Content\"";
				ENABLE_PREVIEWS = YES;
				GENERATE_INFOPLIST_FILE = YES;
				INFOPLIST_KEY_UIApplicationSceneManifest_Generation = YES;
				INFOPLIST_KEY_UIApplicationSupportsIndirectInputEvents = YES;
				INFOPLIST_KEY_UILaunchScreen_Generation = YES;
				INFOPLIST_KEY_UISupportedInterfaceOrientations_iPad = "UIInterfaceOrientationPortrait UIInterfaceOrientationPortraitUpsideDown UIInterfaceOrientationLandscapeLeft UIInterfaceOrientationLandscapeRight";
				INFOPLIST_KEY_UISupportedInterfaceOrientations_iPhone = "UIInterfaceOrientationPortrait UIInterfaceOrientationLandscapeLeft UIInterfaceOrientationLandscapeRight";
				LD_RUNPATH_SEARCH_PATHS = (
					"$(inherited)",
					"@executable_path/Frameworks",
				);
				MARKETING_VERSION = 1.0;
				PRODUCT_BUNDLE_IDENTIFIER = AISolutions.F1Fantasy;
				PRODUCT_NAME = "$(TARGET_NAME)";
				SWIFT_EMIT_LOC_STRINGS = YES;
				SWIFT_VERSION = 5.0;
				TARGETED_DEVICE_FAMILY = "1,2";
			};
			name = Release;
		};
		63E25E2A2B0DFB8700E15F05 /* Debug */ = {
			isa = XCBuildConfiguration;
			buildSettings = {
				ALWAYS_EMBED_SWIFT_STANDARD_LIBRARIES = YES;
				BUNDLE_LOADER = "$(TEST_HOST)";
				CODE_SIGN_STYLE = Automatic;
				CURRENT_PROJECT_VERSION = 1;
				GENERATE_INFOPLIST_FILE = YES;
				IPHONEOS_DEPLOYMENT_TARGET = 15.2;
				MARKETING_VERSION = 1.0;
				PRODUCT_BUNDLE_IDENTIFIER = AISolutions.F1FantasyTests;
				PRODUCT_NAME = "$(TARGET_NAME)";
				SWIFT_EMIT_LOC_STRINGS = NO;
				SWIFT_VERSION = 5.0;
				TARGETED_DEVICE_FAMILY = "1,2";
				TEST_HOST = "$(BUILT_PRODUCTS_DIR)/F1Fantasy.app/F1Fantasy";
			};
			name = Debug;
		};
		63E25E2B2B0DFB8700E15F05 /* Release */ = {
			isa = XCBuildConfiguration;
			buildSettings = {
				ALWAYS_EMBED_SWIFT_STANDARD_LIBRARIES = YES;
				BUNDLE_LOADER = "$(TEST_HOST)";
				CODE_SIGN_STYLE = Automatic;
				CURRENT_PROJECT_VERSION = 1;
				GENERATE_INFOPLIST_FILE = YES;
				IPHONEOS_DEPLOYMENT_TARGET = 15.2;
				MARKETING_VERSION = 1.0;
				PRODUCT_BUNDLE_IDENTIFIER = AISolutions.F1FantasyTests;
				PRODUCT_NAME = "$(TARGET_NAME)";
				SWIFT_EMIT_LOC_STRINGS = NO;
				SWIFT_VERSION = 5.0;
				TARGETED_DEVICE_FAMILY = "1,2";
				TEST_HOST = "$(BUILT_PRODUCTS_DIR)/F1Fantasy.app/F1Fantasy";
			};
			name = Release;
		};
		63E25E2D2B0DFB8700E15F05 /* Debug */ = {
			isa = XCBuildConfiguration;
			buildSettings = {
				ALWAYS_EMBED_SWIFT_STANDARD_LIBRARIES = YES;
				CODE_SIGN_STYLE = Automatic;
				CURRENT_PROJECT_VERSION = 1;
				GENERATE_INFOPLIST_FILE = YES;
				MARKETING_VERSION = 1.0;
				PRODUCT_BUNDLE_IDENTIFIER = AISolutions.F1FantasyUITests;
				PRODUCT_NAME = "$(TARGET_NAME)";
				SWIFT_EMIT_LOC_STRINGS = NO;
				SWIFT_VERSION = 5.0;
				TARGETED_DEVICE_FAMILY = "1,2";
				TEST_TARGET_NAME = F1Fantasy;
			};
			name = Debug;
		};
		63E25E2E2B0DFB8700E15F05 /* Release */ = {
			isa = XCBuildConfiguration;
			buildSettings = {
				ALWAYS_EMBED_SWIFT_STANDARD_LIBRARIES = YES;
				CODE_SIGN_STYLE = Automatic;
				CURRENT_PROJECT_VERSION = 1;
				GENERATE_INFOPLIST_FILE = YES;
				MARKETING_VERSION = 1.0;
				PRODUCT_BUNDLE_IDENTIFIER = AISolutions.F1FantasyUITests;
				PRODUCT_NAME = "$(TARGET_NAME)";
				SWIFT_EMIT_LOC_STRINGS = NO;
				SWIFT_VERSION = 5.0;
				TARGETED_DEVICE_FAMILY = "1,2";
				TEST_TARGET_NAME = F1Fantasy;
			};
			name = Release;
		};
/* End XCBuildConfiguration section */

/* Begin XCConfigurationList section */
		63E25DFD2B0DFB8500E15F05 /* Build configuration list for PBXProject "F1Fantasy" */ = {
			isa = XCConfigurationList;
			buildConfigurations = (
				63E25E242B0DFB8700E15F05 /* Debug */,
				63E25E252B0DFB8700E15F05 /* Release */,
			);
			defaultConfigurationIsVisible = 0;
			defaultConfigurationName = Release;
		};
		63E25E262B0DFB8700E15F05 /* Build configuration list for PBXNativeTarget "F1Fantasy" */ = {
			isa = XCConfigurationList;
			buildConfigurations = (
				63E25E272B0DFB8700E15F05 /* Debug */,
				63E25E282B0DFB8700E15F05 /* Release */,
			);
			defaultConfigurationIsVisible = 0;
			defaultConfigurationName = Release;
		};
		63E25E292B0DFB8700E15F05 /* Build configuration list for PBXNativeTarget "F1FantasyTests" */ = {
			isa = XCConfigurationList;
			buildConfigurations = (
				63E25E2A2B0DFB8700E15F05 /* Debug */,
				63E25E2B2B0DFB8700E15F05 /* Release */,
			);
			defaultConfigurationIsVisible = 0;
			defaultConfigurationName = Release;
		};
		63E25E2C2B0DFB8700E15F05 /* Build configuration list for PBXNativeTarget "F1FantasyUITests" */ = {
			isa = XCConfigurationList;
			buildConfigurations = (
				63E25E2D2B0DFB8700E15F05 /* Debug */,
				63E25E2E2B0DFB8700E15F05 /* Release */,
			);
			defaultConfigurationIsVisible = 0;
			defaultConfigurationName = Release;
		};
/* End XCConfigurationList section */
	};
	rootObject = 63E25DFA2B0DFB8500E15F05 /* Project object */;
}
